
Microsoft Visual Studio Solution File, Format Version 12.00
# Visual Studio 15
VisualStudioVersion = 15.0.28307.106
MinimumVisualStudioVersion = 10.0.40219.1
Project("{2150E333-8FDC-42A3-9474-1A3956D46DE8}") = "Healthcare.BC.Indexer", "Healthcare.BC.Indexer", "{D7307448-2EB4-404E-B3CE-F1B7FD3F548C}"
EndProject
Project("{2150E333-8FDC-42A3-9474-1A3956D46DE8}") = "Healthcare.BC.Tracker", "Healthcare.BC.Tracker", "{C39DFA07-D08E-42A0-B236-A01B1AEE6AC2}"
EndProject
Project("{2150E333-8FDC-42A3-9474-1A3956D46DE8}") = "Healthcare.BC.Offchain", "Healthcare.BC.Offchain", "{63E3AF2A-6295-4626-972F-ECD9CA53A7DC}"
EndProject
Project("{2150E333-8FDC-42A3-9474-1A3956D46DE8}") = "Healthcare.Proofing", "Healthcare.Proofing", "{80893A4D-92D1-473A-8203-0BA7766664FD}"
EndProject
Project("{2150E333-8FDC-42A3-9474-1A3956D46DE8}") = "Healthcare.BC.API", "Healthcare.BC.API", "{323B7168-8E64-4747-A624-5655AF7AC7E8}"
EndProject
Project("{2150E333-8FDC-42A3-9474-1A3956D46DE8}") = "Healthcare.BC.Chain", "Healthcare.BC.Chain", "{CCBCB22A-D362-4AF6-B8D0-D719E0914705}"
EndProject
Project("{2150E333-8FDC-42A3-9474-1A3956D46DE8}") = "ServiceProxy", "ServiceProxy", "{1DF95ACA-DE15-4A20-BEFE-DAE9A6702E3D}"
EndProject
Project("{9A19103F-16F7-4668-BE54-9A1E7A4F7556}") = "Proxylib", "ServiceProxy\Proxylib\Proxylib.csproj", "{525679E7-6C06-474D-A8ED-3A3F05E1F48C}"
EndProject
Project("{2150E333-8FDC-42A3-9474-1A3956D46DE8}") = "Healthcare.Common", "Healthcare.Common", "{845B9E76-ABE5-493C-BB06-AF6459DE4CF5}"
EndProject
Project("{9A19103F-16F7-4668-BE54-9A1E7A4F7556}") = "Healthcare.Common", "Healthcare.Common\Healthcare.Common.csproj", "{CA993EE6-51C3-4BF3-93F8-1114434563E6}"
EndProject
Project("{2150E333-8FDC-42A3-9474-1A3956D46DE8}") = "Healthcare.Webapp", "Healthcare.Webapp", "{158710D8-5532-4AC3-93C8-430439FDDDFD}"
EndProject
Project("{9A19103F-16F7-4668-BE54-9A1E7A4F7556}") = "Healthcare.WebApp.UI", "Healthcare.WebApp.UI\Healthcare.WebApp.UI.csproj", "{8B6BB889-3A45-4FEA-959D-EC310F701FA9}"
EndProject
Project("{2150E333-8FDC-42A3-9474-1A3956D46DE8}") = "Healthcare.AppHosting", "Healthcare.AppHosting", "{988C14A5-BF9C-4D01-B13C-BD16059B0C9A}"
EndProject
Project("{A07B5EB6-E848-4116-A8D0-A826331D98C6}") = "Healthcare.AppHosting", "Healthcare.AppHosting\Healthcare.AppHosting.sfproj", "{92D9171F-B1A3-433C-BE81-933B6D1460BE}"
	ProjectSection(ProjectDependencies) = postProject
		{8B6BB889-3A45-4FEA-959D-EC310F701FA9} = {8B6BB889-3A45-4FEA-959D-EC310F701FA9}
	EndProjectSection
EndProject
Project("{9A19103F-16F7-4668-BE54-9A1E7A4F7556}") = "Healthcare.Proofing.API", "Healthcare.Proofing\Healthcare.Proofing.API\Healthcare.Proofing.API.csproj", "{8F6C1945-4172-4029-A963-CEFF12BD3F92}"
EndProject
Project("{9A19103F-16F7-4668-BE54-9A1E7A4F7556}") = "Healthcare.Proofing.API.Test", "Healthcare.Proofing\Healthcare.Proofing.API.Test\Healthcare.Proofing.API.Test.csproj", "{1F0D532F-07AB-4D98-812B-8C55A821FED1}"
	ProjectSection(ProjectDependencies) = postProject
		{8F6C1945-4172-4029-A963-CEFF12BD3F92} = {8F6C1945-4172-4029-A963-CEFF12BD3F92}
		{3AB37E8A-C059-4AA0-B52F-72CE4DCEE6FD} = {3AB37E8A-C059-4AA0-B52F-72CE4DCEE6FD}
	EndProjectSection
EndProject
Project("{9A19103F-16F7-4668-BE54-9A1E7A4F7556}") = "Healthcare.Proofing.Service", "Healthcare.Proofing\Healthcare.Proofing.Service\Healthcare.Proofing.Service.csproj", "{3AB37E8A-C059-4AA0-B52F-72CE4DCEE6FD}"
EndProject
Project("{9A19103F-16F7-4668-BE54-9A1E7A4F7556}") = "Healthcare.BC.Tracker.Service", "Healthcare.BC.Tracker\Healthcare.BC.Tracker.Service\Healthcare.BC.Tracker.Service.csproj", "{8403DDDE-31F1-4722-9708-24B20EAEF21C}"
EndProject
Project("{9A19103F-16F7-4668-BE54-9A1E7A4F7556}") = "Healthcare.BC.Tracker.API", "Healthcare.BC.Tracker\Healthcare.BC.Tracker.API\Healthcare.BC.Tracker.API.csproj", "{67C427C1-3286-4BA1-A63A-750D012FB347}"
EndProject
Project("{9A19103F-16F7-4668-BE54-9A1E7A4F7556}") = "Healthcare.BC.Offchain.Repository", "Healthcare.BC.Offchain\Healthcare.BC.Offchain.Repository\Healthcare.BC.Offchain.Repository.csproj", "{D31CE3EC-469E-4875-9048-21DD5428F519}"
EndProject
Project("{9A19103F-16F7-4668-BE54-9A1E7A4F7556}") = "Healthcare.BC.Indexer.API", "Healthcare.BC.Indexer\Healthcare.BC.Indexer.API\Healthcare.BC.Indexer.API.csproj", "{C08B079B-163A-422D-9425-60B5A274E72D}"
EndProject
Project("{9A19103F-16F7-4668-BE54-9A1E7A4F7556}") = "Healthcare.BC.Indexer.Service", "Healthcare.BC.Indexer\Healthcare.BC.Indexer.Service\Healthcare.BC.Indexer.Service.csproj", "{E0314F20-43C2-446E-B01A-A36B48EA5075}"
EndProject
Project("{9A19103F-16F7-4668-BE54-9A1E7A4F7556}") = "Healthcare.BC.API", "Healthcare.BC.API\Healthcare.BC.API\Healthcare.BC.API.csproj", "{83D7ADF1-858A-4850-BF7A-83C79A7D7618}"
EndProject
Project("{9A19103F-16F7-4668-BE54-9A1E7A4F7556}") = "Healthcare.BC.Service", "Healthcare.BC.API\Healthcare.BC.Service\Healthcare.BC.Service.csproj", "{2DF7E987-F71B-41AA-B187-AB029465E497}"
EndProject
Project("{9A19103F-16F7-4668-BE54-9A1E7A4F7556}") = "Healthcare.BC.Chain.API", "Healthcare.BC.Chain\Healthcare.Chain.API\Healthcare.BC.Chain.API.csproj", "{8336B786-78E7-48B5-81A2-F02D9F8AE651}"
EndProject
Project("{9A19103F-16F7-4668-BE54-9A1E7A4F7556}") = "Healthcare.BC.Chain.Fabric.Client", "Healthcare.BC.Chain\Healthcare.BC.Chain.Client\Healthcare.BC.Chain.Client\Healthcare.BC.Chain.Fabric.Client.csproj", "{B9D16E19-C199-4711-90D3-A1F4A0437E23}"
EndProject
Project("{9A19103F-16F7-4668-BE54-9A1E7A4F7556}") = "Healthcare.BC.Chain.Services", "Healthcare.BC.Chain\Proto\Service\Healthcare.BC.Chain.Services.csproj", "{4C685553-64AF-4DD3-BE63-04C7BE7F1173}"
EndProject
Project("{9A19103F-16F7-4668-BE54-9A1E7A4F7556}") = "Healthcare.BC.Chain.Client.Test", "Healthcare.BC.Chain\Healthcare.BC.Chain.Client\Healthcare.BC.Chain.Client.Test\Healthcare.BC.Chain.Client.Test.csproj", "{991C5691-0C37-484C-BE86-1372A98163ED}"
EndProject
Global
	GlobalSection(SolutionConfigurationPlatforms) = preSolution
		Debug|Any CPU = Debug|Any CPU
		Debug|ARM = Debug|ARM
		Debug|ARM64 = Debug|ARM64
		Debug|x64 = Debug|x64
		Debug|x86 = Debug|x86
		Release|Any CPU = Release|Any CPU
		Release|ARM = Release|ARM
		Release|ARM64 = Release|ARM64
		Release|x64 = Release|x64
		Release|x86 = Release|x86
	EndGlobalSection
	GlobalSection(ProjectConfigurationPlatforms) = postSolution
		{525679E7-6C06-474D-A8ED-3A3F05E1F48C}.Debug|Any CPU.ActiveCfg = Debug|Any CPU
		{525679E7-6C06-474D-A8ED-3A3F05E1F48C}.Debug|Any CPU.Build.0 = Debug|Any CPU
		{525679E7-6C06-474D-A8ED-3A3F05E1F48C}.Debug|ARM.ActiveCfg = Debug|Any CPU
		{525679E7-6C06-474D-A8ED-3A3F05E1F48C}.Debug|ARM.Build.0 = Debug|Any CPU
		{525679E7-6C06-474D-A8ED-3A3F05E1F48C}.Debug|ARM64.ActiveCfg = Debug|Any CPU
		{525679E7-6C06-474D-A8ED-3A3F05E1F48C}.Debug|ARM64.Build.0 = Debug|Any CPU
		{525679E7-6C06-474D-A8ED-3A3F05E1F48C}.Debug|x64.ActiveCfg = Debug|Any CPU
		{525679E7-6C06-474D-A8ED-3A3F05E1F48C}.Debug|x64.Build.0 = Debug|Any CPU
		{525679E7-6C06-474D-A8ED-3A3F05E1F48C}.Debug|x86.ActiveCfg = Debug|Any CPU
		{525679E7-6C06-474D-A8ED-3A3F05E1F48C}.Debug|x86.Build.0 = Debug|Any CPU
		{525679E7-6C06-474D-A8ED-3A3F05E1F48C}.Release|Any CPU.ActiveCfg = Release|Any CPU
		{525679E7-6C06-474D-A8ED-3A3F05E1F48C}.Release|Any CPU.Build.0 = Release|Any CPU
		{525679E7-6C06-474D-A8ED-3A3F05E1F48C}.Release|ARM.ActiveCfg = Release|Any CPU
		{525679E7-6C06-474D-A8ED-3A3F05E1F48C}.Release|ARM.Build.0 = Release|Any CPU
		{525679E7-6C06-474D-A8ED-3A3F05E1F48C}.Release|ARM64.ActiveCfg = Release|Any CPU
		{525679E7-6C06-474D-A8ED-3A3F05E1F48C}.Release|ARM64.Build.0 = Release|Any CPU
		{525679E7-6C06-474D-A8ED-3A3F05E1F48C}.Release|x64.ActiveCfg = Release|Any CPU
		{525679E7-6C06-474D-A8ED-3A3F05E1F48C}.Release|x64.Build.0 = Release|Any CPU
		{525679E7-6C06-474D-A8ED-3A3F05E1F48C}.Release|x86.ActiveCfg = Release|Any CPU
		{525679E7-6C06-474D-A8ED-3A3F05E1F48C}.Release|x86.Build.0 = Release|Any CPU
		{CA993EE6-51C3-4BF3-93F8-1114434563E6}.Debug|Any CPU.ActiveCfg = Debug|Any CPU
		{CA993EE6-51C3-4BF3-93F8-1114434563E6}.Debug|Any CPU.Build.0 = Debug|Any CPU
		{CA993EE6-51C3-4BF3-93F8-1114434563E6}.Debug|ARM.ActiveCfg = Debug|Any CPU
		{CA993EE6-51C3-4BF3-93F8-1114434563E6}.Debug|ARM.Build.0 = Debug|Any CPU
		{CA993EE6-51C3-4BF3-93F8-1114434563E6}.Debug|ARM64.ActiveCfg = Debug|Any CPU
		{CA993EE6-51C3-4BF3-93F8-1114434563E6}.Debug|ARM64.Build.0 = Debug|Any CPU
		{CA993EE6-51C3-4BF3-93F8-1114434563E6}.Debug|x64.ActiveCfg = Debug|Any CPU
		{CA993EE6-51C3-4BF3-93F8-1114434563E6}.Debug|x64.Build.0 = Debug|Any CPU
		{CA993EE6-51C3-4BF3-93F8-1114434563E6}.Debug|x86.ActiveCfg = Debug|Any CPU
		{CA993EE6-51C3-4BF3-93F8-1114434563E6}.Debug|x86.Build.0 = Debug|Any CPU
		{CA993EE6-51C3-4BF3-93F8-1114434563E6}.Release|Any CPU.ActiveCfg = Release|Any CPU
		{CA993EE6-51C3-4BF3-93F8-1114434563E6}.Release|Any CPU.Build.0 = Release|Any CPU
		{CA993EE6-51C3-4BF3-93F8-1114434563E6}.Release|ARM.ActiveCfg = Release|Any CPU
		{CA993EE6-51C3-4BF3-93F8-1114434563E6}.Release|ARM.Build.0 = Release|Any CPU
		{CA993EE6-51C3-4BF3-93F8-1114434563E6}.Release|ARM64.ActiveCfg = Release|Any CPU
		{CA993EE6-51C3-4BF3-93F8-1114434563E6}.Release|ARM64.Build.0 = Release|Any CPU
		{CA993EE6-51C3-4BF3-93F8-1114434563E6}.Release|x64.ActiveCfg = Release|Any CPU
		{CA993EE6-51C3-4BF3-93F8-1114434563E6}.Release|x64.Build.0 = Release|Any CPU
		{CA993EE6-51C3-4BF3-93F8-1114434563E6}.Release|x86.ActiveCfg = Release|Any CPU
		{CA993EE6-51C3-4BF3-93F8-1114434563E6}.Release|x86.Build.0 = Release|Any CPU
		{8B6BB889-3A45-4FEA-959D-EC310F701FA9}.Debug|Any CPU.ActiveCfg = Debug|Any CPU
		{8B6BB889-3A45-4FEA-959D-EC310F701FA9}.Debug|Any CPU.Build.0 = Debug|Any CPU
		{8B6BB889-3A45-4FEA-959D-EC310F701FA9}.Debug|ARM.ActiveCfg = Debug|Any CPU
		{8B6BB889-3A45-4FEA-959D-EC310F701FA9}.Debug|ARM.Build.0 = Debug|Any CPU
		{8B6BB889-3A45-4FEA-959D-EC310F701FA9}.Debug|ARM64.ActiveCfg = Debug|Any CPU
		{8B6BB889-3A45-4FEA-959D-EC310F701FA9}.Debug|ARM64.Build.0 = Debug|Any CPU
		{8B6BB889-3A45-4FEA-959D-EC310F701FA9}.Debug|x64.ActiveCfg = Debug|Any CPU
		{8B6BB889-3A45-4FEA-959D-EC310F701FA9}.Debug|x64.Build.0 = Debug|Any CPU
		{8B6BB889-3A45-4FEA-959D-EC310F701FA9}.Debug|x86.ActiveCfg = Debug|Any CPU
		{8B6BB889-3A45-4FEA-959D-EC310F701FA9}.Debug|x86.Build.0 = Debug|Any CPU
		{8B6BB889-3A45-4FEA-959D-EC310F701FA9}.Release|Any CPU.ActiveCfg = Release|Any CPU
		{8B6BB889-3A45-4FEA-959D-EC310F701FA9}.Release|Any CPU.Build.0 = Release|Any CPU
		{8B6BB889-3A45-4FEA-959D-EC310F701FA9}.Release|ARM.ActiveCfg = Release|Any CPU
		{8B6BB889-3A45-4FEA-959D-EC310F701FA9}.Release|ARM.Build.0 = Release|Any CPU
		{8B6BB889-3A45-4FEA-959D-EC310F701FA9}.Release|ARM64.ActiveCfg = Release|Any CPU
		{8B6BB889-3A45-4FEA-959D-EC310F701FA9}.Release|ARM64.Build.0 = Release|Any CPU
		{8B6BB889-3A45-4FEA-959D-EC310F701FA9}.Release|x64.ActiveCfg = Release|Any CPU
		{8B6BB889-3A45-4FEA-959D-EC310F701FA9}.Release|x64.Build.0 = Release|Any CPU
		{8B6BB889-3A45-4FEA-959D-EC310F701FA9}.Release|x86.ActiveCfg = Release|Any CPU
		{8B6BB889-3A45-4FEA-959D-EC310F701FA9}.Release|x86.Build.0 = Release|Any CPU
		{92D9171F-B1A3-433C-BE81-933B6D1460BE}.Debug|Any CPU.ActiveCfg = Debug|x64
		{92D9171F-B1A3-433C-BE81-933B6D1460BE}.Debug|Any CPU.Build.0 = Debug|x64
		{92D9171F-B1A3-433C-BE81-933B6D1460BE}.Debug|Any CPU.Deploy.0 = Debug|x64
		{92D9171F-B1A3-433C-BE81-933B6D1460BE}.Debug|ARM.ActiveCfg = Debug|x64
		{92D9171F-B1A3-433C-BE81-933B6D1460BE}.Debug|ARM64.ActiveCfg = Debug|x64
		{92D9171F-B1A3-433C-BE81-933B6D1460BE}.Debug|x64.ActiveCfg = Debug|x64
		{92D9171F-B1A3-433C-BE81-933B6D1460BE}.Debug|x64.Build.0 = Debug|x64
		{92D9171F-B1A3-433C-BE81-933B6D1460BE}.Debug|x64.Deploy.0 = Debug|x64
		{92D9171F-B1A3-433C-BE81-933B6D1460BE}.Debug|x86.ActiveCfg = Debug|x64
		{92D9171F-B1A3-433C-BE81-933B6D1460BE}.Release|Any CPU.ActiveCfg = Release|x64
		{92D9171F-B1A3-433C-BE81-933B6D1460BE}.Release|ARM.ActiveCfg = Release|x64
		{92D9171F-B1A3-433C-BE81-933B6D1460BE}.Release|ARM64.ActiveCfg = Release|x64
		{92D9171F-B1A3-433C-BE81-933B6D1460BE}.Release|x64.ActiveCfg = Release|x64
		{92D9171F-B1A3-433C-BE81-933B6D1460BE}.Release|x64.Build.0 = Release|x64
		{92D9171F-B1A3-433C-BE81-933B6D1460BE}.Release|x64.Deploy.0 = Release|x64
		{92D9171F-B1A3-433C-BE81-933B6D1460BE}.Release|x86.ActiveCfg = Release|x64
		{8F6C1945-4172-4029-A963-CEFF12BD3F92}.Debug|Any CPU.ActiveCfg = Debug|Any CPU
		{8F6C1945-4172-4029-A963-CEFF12BD3F92}.Debug|Any CPU.Build.0 = Debug|Any CPU
		{8F6C1945-4172-4029-A963-CEFF12BD3F92}.Debug|ARM.ActiveCfg = Debug|Any CPU
		{8F6C1945-4172-4029-A963-CEFF12BD3F92}.Debug|ARM.Build.0 = Debug|Any CPU
		{8F6C1945-4172-4029-A963-CEFF12BD3F92}.Debug|ARM64.ActiveCfg = Debug|Any CPU
		{8F6C1945-4172-4029-A963-CEFF12BD3F92}.Debug|ARM64.Build.0 = Debug|Any CPU
		{8F6C1945-4172-4029-A963-CEFF12BD3F92}.Debug|x64.ActiveCfg = Debug|Any CPU
		{8F6C1945-4172-4029-A963-CEFF12BD3F92}.Debug|x64.Build.0 = Debug|Any CPU
		{8F6C1945-4172-4029-A963-CEFF12BD3F92}.Debug|x86.ActiveCfg = Debug|Any CPU
		{8F6C1945-4172-4029-A963-CEFF12BD3F92}.Debug|x86.Build.0 = Debug|Any CPU
		{8F6C1945-4172-4029-A963-CEFF12BD3F92}.Release|Any CPU.ActiveCfg = Release|Any CPU
		{8F6C1945-4172-4029-A963-CEFF12BD3F92}.Release|Any CPU.Build.0 = Release|Any CPU
		{8F6C1945-4172-4029-A963-CEFF12BD3F92}.Release|ARM.ActiveCfg = Release|Any CPU
		{8F6C1945-4172-4029-A963-CEFF12BD3F92}.Release|ARM.Build.0 = Release|Any CPU
		{8F6C1945-4172-4029-A963-CEFF12BD3F92}.Release|ARM64.ActiveCfg = Release|Any CPU
		{8F6C1945-4172-4029-A963-CEFF12BD3F92}.Release|ARM64.Build.0 = Release|Any CPU
		{8F6C1945-4172-4029-A963-CEFF12BD3F92}.Release|x64.ActiveCfg = Release|Any CPU
		{8F6C1945-4172-4029-A963-CEFF12BD3F92}.Release|x64.Build.0 = Release|Any CPU
		{8F6C1945-4172-4029-A963-CEFF12BD3F92}.Release|x86.ActiveCfg = Release|Any CPU
		{8F6C1945-4172-4029-A963-CEFF12BD3F92}.Release|x86.Build.0 = Release|Any CPU
		{1F0D532F-07AB-4D98-812B-8C55A821FED1}.Debug|Any CPU.ActiveCfg = Debug|Any CPU
		{1F0D532F-07AB-4D98-812B-8C55A821FED1}.Debug|Any CPU.Build.0 = Debug|Any CPU
		{1F0D532F-07AB-4D98-812B-8C55A821FED1}.Debug|ARM.ActiveCfg = Debug|Any CPU
		{1F0D532F-07AB-4D98-812B-8C55A821FED1}.Debug|ARM.Build.0 = Debug|Any CPU
		{1F0D532F-07AB-4D98-812B-8C55A821FED1}.Debug|ARM64.ActiveCfg = Debug|Any CPU
		{1F0D532F-07AB-4D98-812B-8C55A821FED1}.Debug|ARM64.Build.0 = Debug|Any CPU
		{1F0D532F-07AB-4D98-812B-8C55A821FED1}.Debug|x64.ActiveCfg = Debug|Any CPU
		{1F0D532F-07AB-4D98-812B-8C55A821FED1}.Debug|x64.Build.0 = Debug|Any CPU
		{1F0D532F-07AB-4D98-812B-8C55A821FED1}.Debug|x86.ActiveCfg = Debug|Any CPU
		{1F0D532F-07AB-4D98-812B-8C55A821FED1}.Debug|x86.Build.0 = Debug|Any CPU
		{1F0D532F-07AB-4D98-812B-8C55A821FED1}.Release|Any CPU.ActiveCfg = Release|Any CPU
		{1F0D532F-07AB-4D98-812B-8C55A821FED1}.Release|Any CPU.Build.0 = Release|Any CPU
		{1F0D532F-07AB-4D98-812B-8C55A821FED1}.Release|ARM.ActiveCfg = Release|Any CPU
		{1F0D532F-07AB-4D98-812B-8C55A821FED1}.Release|ARM.Build.0 = Release|Any CPU
		{1F0D532F-07AB-4D98-812B-8C55A821FED1}.Release|ARM64.ActiveCfg = Release|Any CPU
		{1F0D532F-07AB-4D98-812B-8C55A821FED1}.Release|ARM64.Build.0 = Release|Any CPU
		{1F0D532F-07AB-4D98-812B-8C55A821FED1}.Release|x64.ActiveCfg = Release|Any CPU
		{1F0D532F-07AB-4D98-812B-8C55A821FED1}.Release|x64.Build.0 = Release|Any CPU
		{1F0D532F-07AB-4D98-812B-8C55A821FED1}.Release|x86.ActiveCfg = Release|Any CPU
		{1F0D532F-07AB-4D98-812B-8C55A821FED1}.Release|x86.Build.0 = Release|Any CPU
		{3AB37E8A-C059-4AA0-B52F-72CE4DCEE6FD}.Debug|Any CPU.ActiveCfg = Debug|Any CPU
		{3AB37E8A-C059-4AA0-B52F-72CE4DCEE6FD}.Debug|Any CPU.Build.0 = Debug|Any CPU
		{3AB37E8A-C059-4AA0-B52F-72CE4DCEE6FD}.Debug|ARM.ActiveCfg = Debug|Any CPU
		{3AB37E8A-C059-4AA0-B52F-72CE4DCEE6FD}.Debug|ARM.Build.0 = Debug|Any CPU
		{3AB37E8A-C059-4AA0-B52F-72CE4DCEE6FD}.Debug|ARM64.ActiveCfg = Debug|Any CPU
		{3AB37E8A-C059-4AA0-B52F-72CE4DCEE6FD}.Debug|ARM64.Build.0 = Debug|Any CPU
		{3AB37E8A-C059-4AA0-B52F-72CE4DCEE6FD}.Debug|x64.ActiveCfg = Debug|Any CPU
		{3AB37E8A-C059-4AA0-B52F-72CE4DCEE6FD}.Debug|x64.Build.0 = Debug|Any CPU
		{3AB37E8A-C059-4AA0-B52F-72CE4DCEE6FD}.Debug|x86.ActiveCfg = Debug|Any CPU
		{3AB37E8A-C059-4AA0-B52F-72CE4DCEE6FD}.Debug|x86.Build.0 = Debug|Any CPU
		{3AB37E8A-C059-4AA0-B52F-72CE4DCEE6FD}.Release|Any CPU.ActiveCfg = Release|Any CPU
		{3AB37E8A-C059-4AA0-B52F-72CE4DCEE6FD}.Release|Any CPU.Build.0 = Release|Any CPU
		{3AB37E8A-C059-4AA0-B52F-72CE4DCEE6FD}.Release|ARM.ActiveCfg = Release|Any CPU
		{3AB37E8A-C059-4AA0-B52F-72CE4DCEE6FD}.Release|ARM.Build.0 = Release|Any CPU
		{3AB37E8A-C059-4AA0-B52F-72CE4DCEE6FD}.Release|ARM64.ActiveCfg = Release|Any CPU
		{3AB37E8A-C059-4AA0-B52F-72CE4DCEE6FD}.Release|ARM64.Build.0 = Release|Any CPU
		{3AB37E8A-C059-4AA0-B52F-72CE4DCEE6FD}.Release|x64.ActiveCfg = Release|Any CPU
		{3AB37E8A-C059-4AA0-B52F-72CE4DCEE6FD}.Release|x64.Build.0 = Release|Any CPU
		{3AB37E8A-C059-4AA0-B52F-72CE4DCEE6FD}.Release|x86.ActiveCfg = Release|Any CPU
		{3AB37E8A-C059-4AA0-B52F-72CE4DCEE6FD}.Release|x86.Build.0 = Release|Any CPU
		{8403DDDE-31F1-4722-9708-24B20EAEF21C}.Debug|Any CPU.ActiveCfg = Debug|Any CPU
		{8403DDDE-31F1-4722-9708-24B20EAEF21C}.Debug|Any CPU.Build.0 = Debug|Any CPU
		{8403DDDE-31F1-4722-9708-24B20EAEF21C}.Debug|ARM.ActiveCfg = Debug|Any CPU
		{8403DDDE-31F1-4722-9708-24B20EAEF21C}.Debug|ARM.Build.0 = Debug|Any CPU
		{8403DDDE-31F1-4722-9708-24B20EAEF21C}.Debug|ARM64.ActiveCfg = Debug|Any CPU
		{8403DDDE-31F1-4722-9708-24B20EAEF21C}.Debug|ARM64.Build.0 = Debug|Any CPU
		{8403DDDE-31F1-4722-9708-24B20EAEF21C}.Debug|x64.ActiveCfg = Debug|Any CPU
		{8403DDDE-31F1-4722-9708-24B20EAEF21C}.Debug|x64.Build.0 = Debug|Any CPU
		{8403DDDE-31F1-4722-9708-24B20EAEF21C}.Debug|x86.ActiveCfg = Debug|Any CPU
		{8403DDDE-31F1-4722-9708-24B20EAEF21C}.Debug|x86.Build.0 = Debug|Any CPU
		{8403DDDE-31F1-4722-9708-24B20EAEF21C}.Release|Any CPU.ActiveCfg = Release|Any CPU
		{8403DDDE-31F1-4722-9708-24B20EAEF21C}.Release|Any CPU.Build.0 = Release|Any CPU
		{8403DDDE-31F1-4722-9708-24B20EAEF21C}.Release|ARM.ActiveCfg = Release|Any CPU
		{8403DDDE-31F1-4722-9708-24B20EAEF21C}.Release|ARM.Build.0 = Release|Any CPU
		{8403DDDE-31F1-4722-9708-24B20EAEF21C}.Release|ARM64.ActiveCfg = Release|Any CPU
		{8403DDDE-31F1-4722-9708-24B20EAEF21C}.Release|ARM64.Build.0 = Release|Any CPU
		{8403DDDE-31F1-4722-9708-24B20EAEF21C}.Release|x64.ActiveCfg = Release|Any CPU
		{8403DDDE-31F1-4722-9708-24B20EAEF21C}.Release|x64.Build.0 = Release|Any CPU
		{8403DDDE-31F1-4722-9708-24B20EAEF21C}.Release|x86.ActiveCfg = Release|Any CPU
		{8403DDDE-31F1-4722-9708-24B20EAEF21C}.Release|x86.Build.0 = Release|Any CPU
		{67C427C1-3286-4BA1-A63A-750D012FB347}.Debug|Any CPU.ActiveCfg = Debug|Any CPU
		{67C427C1-3286-4BA1-A63A-750D012FB347}.Debug|Any CPU.Build.0 = Debug|Any CPU
		{67C427C1-3286-4BA1-A63A-750D012FB347}.Debug|ARM.ActiveCfg = Debug|Any CPU
		{67C427C1-3286-4BA1-A63A-750D012FB347}.Debug|ARM.Build.0 = Debug|Any CPU
		{67C427C1-3286-4BA1-A63A-750D012FB347}.Debug|ARM64.ActiveCfg = Debug|Any CPU
		{67C427C1-3286-4BA1-A63A-750D012FB347}.Debug|ARM64.Build.0 = Debug|Any CPU
		{67C427C1-3286-4BA1-A63A-750D012FB347}.Debug|x64.ActiveCfg = Debug|Any CPU
		{67C427C1-3286-4BA1-A63A-750D012FB347}.Debug|x64.Build.0 = Debug|Any CPU
		{67C427C1-3286-4BA1-A63A-750D012FB347}.Debug|x86.ActiveCfg = Debug|Any CPU
		{67C427C1-3286-4BA1-A63A-750D012FB347}.Debug|x86.Build.0 = Debug|Any CPU
		{67C427C1-3286-4BA1-A63A-750D012FB347}.Release|Any CPU.ActiveCfg = Release|Any CPU
		{67C427C1-3286-4BA1-A63A-750D012FB347}.Release|Any CPU.Build.0 = Release|Any CPU
		{67C427C1-3286-4BA1-A63A-750D012FB347}.Release|ARM.ActiveCfg = Release|Any CPU
		{67C427C1-3286-4BA1-A63A-750D012FB347}.Release|ARM.Build.0 = Release|Any CPU
		{67C427C1-3286-4BA1-A63A-750D012FB347}.Release|ARM64.ActiveCfg = Release|Any CPU
		{67C427C1-3286-4BA1-A63A-750D012FB347}.Release|ARM64.Build.0 = Release|Any CPU
		{67C427C1-3286-4BA1-A63A-750D012FB347}.Release|x64.ActiveCfg = Release|Any CPU
		{67C427C1-3286-4BA1-A63A-750D012FB347}.Release|x64.Build.0 = Release|Any CPU
		{67C427C1-3286-4BA1-A63A-750D012FB347}.Release|x86.ActiveCfg = Release|Any CPU
		{67C427C1-3286-4BA1-A63A-750D012FB347}.Release|x86.Build.0 = Release|Any CPU
		{D31CE3EC-469E-4875-9048-21DD5428F519}.Debug|Any CPU.ActiveCfg = Debug|Any CPU
		{D31CE3EC-469E-4875-9048-21DD5428F519}.Debug|Any CPU.Build.0 = Debug|Any CPU
		{D31CE3EC-469E-4875-9048-21DD5428F519}.Debug|ARM.ActiveCfg = Debug|Any CPU
		{D31CE3EC-469E-4875-9048-21DD5428F519}.Debug|ARM.Build.0 = Debug|Any CPU
		{D31CE3EC-469E-4875-9048-21DD5428F519}.Debug|ARM64.ActiveCfg = Debug|Any CPU
		{D31CE3EC-469E-4875-9048-21DD5428F519}.Debug|ARM64.Build.0 = Debug|Any CPU
		{D31CE3EC-469E-4875-9048-21DD5428F519}.Debug|x64.ActiveCfg = Debug|Any CPU
		{D31CE3EC-469E-4875-9048-21DD5428F519}.Debug|x64.Build.0 = Debug|Any CPU
		{D31CE3EC-469E-4875-9048-21DD5428F519}.Debug|x86.ActiveCfg = Debug|Any CPU
		{D31CE3EC-469E-4875-9048-21DD5428F519}.Debug|x86.Build.0 = Debug|Any CPU
		{D31CE3EC-469E-4875-9048-21DD5428F519}.Release|Any CPU.ActiveCfg = Release|Any CPU
		{D31CE3EC-469E-4875-9048-21DD5428F519}.Release|Any CPU.Build.0 = Release|Any CPU
		{D31CE3EC-469E-4875-9048-21DD5428F519}.Release|ARM.ActiveCfg = Release|Any CPU
		{D31CE3EC-469E-4875-9048-21DD5428F519}.Release|ARM.Build.0 = Release|Any CPU
		{D31CE3EC-469E-4875-9048-21DD5428F519}.Release|ARM64.ActiveCfg = Release|Any CPU
		{D31CE3EC-469E-4875-9048-21DD5428F519}.Release|ARM64.Build.0 = Release|Any CPU
		{D31CE3EC-469E-4875-9048-21DD5428F519}.Release|x64.ActiveCfg = Release|Any CPU
		{D31CE3EC-469E-4875-9048-21DD5428F519}.Release|x64.Build.0 = Release|Any CPU
		{D31CE3EC-469E-4875-9048-21DD5428F519}.Release|x86.ActiveCfg = Release|Any CPU
		{D31CE3EC-469E-4875-9048-21DD5428F519}.Release|x86.Build.0 = Release|Any CPU
		{C08B079B-163A-422D-9425-60B5A274E72D}.Debug|Any CPU.ActiveCfg = Debug|Any CPU
		{C08B079B-163A-422D-9425-60B5A274E72D}.Debug|Any CPU.Build.0 = Debug|Any CPU
		{C08B079B-163A-422D-9425-60B5A274E72D}.Debug|ARM.ActiveCfg = Debug|Any CPU
		{C08B079B-163A-422D-9425-60B5A274E72D}.Debug|ARM.Build.0 = Debug|Any CPU
		{C08B079B-163A-422D-9425-60B5A274E72D}.Debug|ARM64.ActiveCfg = Debug|Any CPU
		{C08B079B-163A-422D-9425-60B5A274E72D}.Debug|ARM64.Build.0 = Debug|Any CPU
		{C08B079B-163A-422D-9425-60B5A274E72D}.Debug|x64.ActiveCfg = Debug|Any CPU
		{C08B079B-163A-422D-9425-60B5A274E72D}.Debug|x64.Build.0 = Debug|Any CPU
		{C08B079B-163A-422D-9425-60B5A274E72D}.Debug|x86.ActiveCfg = Debug|Any CPU
		{C08B079B-163A-422D-9425-60B5A274E72D}.Debug|x86.Build.0 = Debug|Any CPU
		{C08B079B-163A-422D-9425-60B5A274E72D}.Release|Any CPU.ActiveCfg = Release|Any CPU
		{C08B079B-163A-422D-9425-60B5A274E72D}.Release|Any CPU.Build.0 = Release|Any CPU
		{C08B079B-163A-422D-9425-60B5A274E72D}.Release|ARM.ActiveCfg = Release|Any CPU
		{C08B079B-163A-422D-9425-60B5A274E72D}.Release|ARM.Build.0 = Release|Any CPU
		{C08B079B-163A-422D-9425-60B5A274E72D}.Release|ARM64.ActiveCfg = Release|Any CPU
		{C08B079B-163A-422D-9425-60B5A274E72D}.Release|ARM64.Build.0 = Release|Any CPU
		{C08B079B-163A-422D-9425-60B5A274E72D}.Release|x64.ActiveCfg = Release|Any CPU
		{C08B079B-163A-422D-9425-60B5A274E72D}.Release|x64.Build.0 = Release|Any CPU
		{C08B079B-163A-422D-9425-60B5A274E72D}.Release|x86.ActiveCfg = Release|Any CPU
		{C08B079B-163A-422D-9425-60B5A274E72D}.Release|x86.Build.0 = Release|Any CPU
		{E0314F20-43C2-446E-B01A-A36B48EA5075}.Debug|Any CPU.ActiveCfg = Debug|Any CPU
		{E0314F20-43C2-446E-B01A-A36B48EA5075}.Debug|Any CPU.Build.0 = Debug|Any CPU
		{E0314F20-43C2-446E-B01A-A36B48EA5075}.Debug|ARM.ActiveCfg = Debug|Any CPU
		{E0314F20-43C2-446E-B01A-A36B48EA5075}.Debug|ARM.Build.0 = Debug|Any CPU
		{E0314F20-43C2-446E-B01A-A36B48EA5075}.Debug|ARM64.ActiveCfg = Debug|Any CPU
		{E0314F20-43C2-446E-B01A-A36B48EA5075}.Debug|ARM64.Build.0 = Debug|Any CPU
		{E0314F20-43C2-446E-B01A-A36B48EA5075}.Debug|x64.ActiveCfg = Debug|Any CPU
		{E0314F20-43C2-446E-B01A-A36B48EA5075}.Debug|x64.Build.0 = Debug|Any CPU
		{E0314F20-43C2-446E-B01A-A36B48EA5075}.Debug|x86.ActiveCfg = Debug|Any CPU
		{E0314F20-43C2-446E-B01A-A36B48EA5075}.Debug|x86.Build.0 = Debug|Any CPU
		{E0314F20-43C2-446E-B01A-A36B48EA5075}.Release|Any CPU.ActiveCfg = Release|Any CPU
		{E0314F20-43C2-446E-B01A-A36B48EA5075}.Release|Any CPU.Build.0 = Release|Any CPU
		{E0314F20-43C2-446E-B01A-A36B48EA5075}.Release|ARM.ActiveCfg = Release|Any CPU
		{E0314F20-43C2-446E-B01A-A36B48EA5075}.Release|ARM.Build.0 = Release|Any CPU
		{E0314F20-43C2-446E-B01A-A36B48EA5075}.Release|ARM64.ActiveCfg = Release|Any CPU
		{E0314F20-43C2-446E-B01A-A36B48EA5075}.Release|ARM64.Build.0 = Release|Any CPU
		{E0314F20-43C2-446E-B01A-A36B48EA5075}.Release|x64.ActiveCfg = Release|Any CPU
		{E0314F20-43C2-446E-B01A-A36B48EA5075}.Release|x64.Build.0 = Release|Any CPU
		{E0314F20-43C2-446E-B01A-A36B48EA5075}.Release|x86.ActiveCfg = Release|Any CPU
		{E0314F20-43C2-446E-B01A-A36B48EA5075}.Release|x86.Build.0 = Release|Any CPU
		{83D7ADF1-858A-4850-BF7A-83C79A7D7618}.Debug|Any CPU.ActiveCfg = Debug|Any CPU
		{83D7ADF1-858A-4850-BF7A-83C79A7D7618}.Debug|Any CPU.Build.0 = Debug|Any CPU
		{83D7ADF1-858A-4850-BF7A-83C79A7D7618}.Debug|ARM.ActiveCfg = Debug|Any CPU
		{83D7ADF1-858A-4850-BF7A-83C79A7D7618}.Debug|ARM.Build.0 = Debug|Any CPU
		{83D7ADF1-858A-4850-BF7A-83C79A7D7618}.Debug|ARM64.ActiveCfg = Debug|Any CPU
		{83D7ADF1-858A-4850-BF7A-83C79A7D7618}.Debug|ARM64.Build.0 = Debug|Any CPU
		{83D7ADF1-858A-4850-BF7A-83C79A7D7618}.Debug|x64.ActiveCfg = Debug|Any CPU
		{83D7ADF1-858A-4850-BF7A-83C79A7D7618}.Debug|x64.Build.0 = Debug|Any CPU
		{83D7ADF1-858A-4850-BF7A-83C79A7D7618}.Debug|x86.ActiveCfg = Debug|Any CPU
		{83D7ADF1-858A-4850-BF7A-83C79A7D7618}.Debug|x86.Build.0 = Debug|Any CPU
		{83D7ADF1-858A-4850-BF7A-83C79A7D7618}.Release|Any CPU.ActiveCfg = Release|Any CPU
		{83D7ADF1-858A-4850-BF7A-83C79A7D7618}.Release|Any CPU.Build.0 = Release|Any CPU
		{83D7ADF1-858A-4850-BF7A-83C79A7D7618}.Release|ARM.ActiveCfg = Release|Any CPU
		{83D7ADF1-858A-4850-BF7A-83C79A7D7618}.Release|ARM.Build.0 = Release|Any CPU
		{83D7ADF1-858A-4850-BF7A-83C79A7D7618}.Release|ARM64.ActiveCfg = Release|Any CPU
		{83D7ADF1-858A-4850-BF7A-83C79A7D7618}.Release|ARM64.Build.0 = Release|Any CPU
		{83D7ADF1-858A-4850-BF7A-83C79A7D7618}.Release|x64.ActiveCfg = Release|Any CPU
		{83D7ADF1-858A-4850-BF7A-83C79A7D7618}.Release|x64.Build.0 = Release|Any CPU
		{83D7ADF1-858A-4850-BF7A-83C79A7D7618}.Release|x86.ActiveCfg = Release|Any CPU
		{83D7ADF1-858A-4850-BF7A-83C79A7D7618}.Release|x86.Build.0 = Release|Any CPU
		{2DF7E987-F71B-41AA-B187-AB029465E497}.Debug|Any CPU.ActiveCfg = Debug|Any CPU
		{2DF7E987-F71B-41AA-B187-AB029465E497}.Debug|Any CPU.Build.0 = Debug|Any CPU
		{2DF7E987-F71B-41AA-B187-AB029465E497}.Debug|ARM.ActiveCfg = Debug|Any CPU
		{2DF7E987-F71B-41AA-B187-AB029465E497}.Debug|ARM.Build.0 = Debug|Any CPU
		{2DF7E987-F71B-41AA-B187-AB029465E497}.Debug|ARM64.ActiveCfg = Debug|Any CPU
		{2DF7E987-F71B-41AA-B187-AB029465E497}.Debug|ARM64.Build.0 = Debug|Any CPU
		{2DF7E987-F71B-41AA-B187-AB029465E497}.Debug|x64.ActiveCfg = Debug|Any CPU
		{2DF7E987-F71B-41AA-B187-AB029465E497}.Debug|x64.Build.0 = Debug|Any CPU
		{2DF7E987-F71B-41AA-B187-AB029465E497}.Debug|x86.ActiveCfg = Debug|Any CPU
		{2DF7E987-F71B-41AA-B187-AB029465E497}.Debug|x86.Build.0 = Debug|Any CPU
		{2DF7E987-F71B-41AA-B187-AB029465E497}.Release|Any CPU.ActiveCfg = Release|Any CPU
		{2DF7E987-F71B-41AA-B187-AB029465E497}.Release|Any CPU.Build.0 = Release|Any CPU
		{2DF7E987-F71B-41AA-B187-AB029465E497}.Release|ARM.ActiveCfg = Release|Any CPU
		{2DF7E987-F71B-41AA-B187-AB029465E497}.Release|ARM.Build.0 = Release|Any CPU
		{2DF7E987-F71B-41AA-B187-AB029465E497}.Release|ARM64.ActiveCfg = Release|Any CPU
		{2DF7E987-F71B-41AA-B187-AB029465E497}.Release|ARM64.Build.0 = Release|Any CPU
		{2DF7E987-F71B-41AA-B187-AB029465E497}.Release|x64.ActiveCfg = Release|Any CPU
		{2DF7E987-F71B-41AA-B187-AB029465E497}.Release|x64.Build.0 = Release|Any CPU
		{2DF7E987-F71B-41AA-B187-AB029465E497}.Release|x86.ActiveCfg = Release|Any CPU
		{2DF7E987-F71B-41AA-B187-AB029465E497}.Release|x86.Build.0 = Release|Any CPU
		{8336B786-78E7-48B5-81A2-F02D9F8AE651}.Debug|Any CPU.ActiveCfg = Debug|Any CPU
		{8336B786-78E7-48B5-81A2-F02D9F8AE651}.Debug|Any CPU.Build.0 = Debug|Any CPU
		{8336B786-78E7-48B5-81A2-F02D9F8AE651}.Debug|ARM.ActiveCfg = Debug|Any CPU
		{8336B786-78E7-48B5-81A2-F02D9F8AE651}.Debug|ARM.Build.0 = Debug|Any CPU
		{8336B786-78E7-48B5-81A2-F02D9F8AE651}.Debug|ARM64.ActiveCfg = Debug|Any CPU
		{8336B786-78E7-48B5-81A2-F02D9F8AE651}.Debug|ARM64.Build.0 = Debug|Any CPU
		{8336B786-78E7-48B5-81A2-F02D9F8AE651}.Debug|x64.ActiveCfg = Debug|Any CPU
		{8336B786-78E7-48B5-81A2-F02D9F8AE651}.Debug|x64.Build.0 = Debug|Any CPU
		{8336B786-78E7-48B5-81A2-F02D9F8AE651}.Debug|x86.ActiveCfg = Debug|Any CPU
		{8336B786-78E7-48B5-81A2-F02D9F8AE651}.Debug|x86.Build.0 = Debug|Any CPU
		{8336B786-78E7-48B5-81A2-F02D9F8AE651}.Release|Any CPU.ActiveCfg = Release|Any CPU
		{8336B786-78E7-48B5-81A2-F02D9F8AE651}.Release|Any CPU.Build.0 = Release|Any CPU
		{8336B786-78E7-48B5-81A2-F02D9F8AE651}.Release|ARM.ActiveCfg = Release|Any CPU
		{8336B786-78E7-48B5-81A2-F02D9F8AE651}.Release|ARM.Build.0 = Release|Any CPU
		{8336B786-78E7-48B5-81A2-F02D9F8AE651}.Release|ARM64.ActiveCfg = Release|Any CPU
		{8336B786-78E7-48B5-81A2-F02D9F8AE651}.Release|ARM64.Build.0 = Release|Any CPU
		{8336B786-78E7-48B5-81A2-F02D9F8AE651}.Release|x64.ActiveCfg = Release|Any CPU
		{8336B786-78E7-48B5-81A2-F02D9F8AE651}.Release|x64.Build.0 = Release|Any CPU
		{8336B786-78E7-48B5-81A2-F02D9F8AE651}.Release|x86.ActiveCfg = Release|Any CPU
		{8336B786-78E7-48B5-81A2-F02D9F8AE651}.Release|x86.Build.0 = Release|Any CPU
		{B9D16E19-C199-4711-90D3-A1F4A0437E23}.Debug|Any CPU.ActiveCfg = Debug|Any CPU
		{B9D16E19-C199-4711-90D3-A1F4A0437E23}.Debug|Any CPU.Build.0 = Debug|Any CPU
		{B9D16E19-C199-4711-90D3-A1F4A0437E23}.Debug|ARM.ActiveCfg = Debug|Any CPU
		{B9D16E19-C199-4711-90D3-A1F4A0437E23}.Debug|ARM.Build.0 = Debug|Any CPU
		{B9D16E19-C199-4711-90D3-A1F4A0437E23}.Debug|ARM64.ActiveCfg = Debug|Any CPU
		{B9D16E19-C199-4711-90D3-A1F4A0437E23}.Debug|ARM64.Build.0 = Debug|Any CPU
		{B9D16E19-C199-4711-90D3-A1F4A0437E23}.Debug|x64.ActiveCfg = Debug|Any CPU
		{B9D16E19-C199-4711-90D3-A1F4A0437E23}.Debug|x64.Build.0 = Debug|Any CPU
		{B9D16E19-C199-4711-90D3-A1F4A0437E23}.Debug|x86.ActiveCfg = Debug|Any CPU
		{B9D16E19-C199-4711-90D3-A1F4A0437E23}.Debug|x86.Build.0 = Debug|Any CPU
		{B9D16E19-C199-4711-90D3-A1F4A0437E23}.Release|Any CPU.ActiveCfg = Release|Any CPU
		{B9D16E19-C199-4711-90D3-A1F4A0437E23}.Release|Any CPU.Build.0 = Release|Any CPU
		{B9D16E19-C199-4711-90D3-A1F4A0437E23}.Release|ARM.ActiveCfg = Release|Any CPU
		{B9D16E19-C199-4711-90D3-A1F4A0437E23}.Release|ARM.Build.0 = Release|Any CPU
		{B9D16E19-C199-4711-90D3-A1F4A0437E23}.Release|ARM64.ActiveCfg = Release|Any CPU
		{B9D16E19-C199-4711-90D3-A1F4A0437E23}.Release|ARM64.Build.0 = Release|Any CPU
		{B9D16E19-C199-4711-90D3-A1F4A0437E23}.Release|x64.ActiveCfg = Release|Any CPU
		{B9D16E19-C199-4711-90D3-A1F4A0437E23}.Release|x64.Build.0 = Release|Any CPU
		{B9D16E19-C199-4711-90D3-A1F4A0437E23}.Release|x86.ActiveCfg = Release|Any CPU
		{B9D16E19-C199-4711-90D3-A1F4A0437E23}.Release|x86.Build.0 = Release|Any CPU
		{4C685553-64AF-4DD3-BE63-04C7BE7F1173}.Debug|Any CPU.ActiveCfg = Debug|Any CPU
		{4C685553-64AF-4DD3-BE63-04C7BE7F1173}.Debug|Any CPU.Build.0 = Debug|Any CPU
		{4C685553-64AF-4DD3-BE63-04C7BE7F1173}.Debug|ARM.ActiveCfg = Debug|Any CPU
		{4C685553-64AF-4DD3-BE63-04C7BE7F1173}.Debug|ARM.Build.0 = Debug|Any CPU
		{4C685553-64AF-4DD3-BE63-04C7BE7F1173}.Debug|ARM64.ActiveCfg = Debug|Any CPU
		{4C685553-64AF-4DD3-BE63-04C7BE7F1173}.Debug|ARM64.Build.0 = Debug|Any CPU
		{4C685553-64AF-4DD3-BE63-04C7BE7F1173}.Debug|x64.ActiveCfg = Debug|Any CPU
		{4C685553-64AF-4DD3-BE63-04C7BE7F1173}.Debug|x64.Build.0 = Debug|Any CPU
		{4C685553-64AF-4DD3-BE63-04C7BE7F1173}.Debug|x86.ActiveCfg = Debug|Any CPU
		{4C685553-64AF-4DD3-BE63-04C7BE7F1173}.Debug|x86.Build.0 = Debug|Any CPU
		{4C685553-64AF-4DD3-BE63-04C7BE7F1173}.Release|Any CPU.ActiveCfg = Release|Any CPU
		{4C685553-64AF-4DD3-BE63-04C7BE7F1173}.Release|Any CPU.Build.0 = Release|Any CPU
		{4C685553-64AF-4DD3-BE63-04C7BE7F1173}.Release|ARM.ActiveCfg = Release|Any CPU
		{4C685553-64AF-4DD3-BE63-04C7BE7F1173}.Release|ARM.Build.0 = Release|Any CPU
		{4C685553-64AF-4DD3-BE63-04C7BE7F1173}.Release|ARM64.ActiveCfg = Release|Any CPU
		{4C685553-64AF-4DD3-BE63-04C7BE7F1173}.Release|ARM64.Build.0 = Release|Any CPU
		{4C685553-64AF-4DD3-BE63-04C7BE7F1173}.Release|x64.ActiveCfg = Release|Any CPU
		{4C685553-64AF-4DD3-BE63-04C7BE7F1173}.Release|x64.Build.0 = Release|Any CPU
		{4C685553-64AF-4DD3-BE63-04C7BE7F1173}.Release|x86.ActiveCfg = Release|Any CPU
		{4C685553-64AF-4DD3-BE63-04C7BE7F1173}.Release|x86.Build.0 = Release|Any CPU
		{991C5691-0C37-484C-BE86-1372A98163ED}.Debug|Any CPU.ActiveCfg = Debug|Any CPU
		{991C5691-0C37-484C-BE86-1372A98163ED}.Debug|Any CPU.Build.0 = Debug|Any CPU
		{991C5691-0C37-484C-BE86-1372A98163ED}.Debug|ARM.ActiveCfg = Debug|Any CPU
		{991C5691-0C37-484C-BE86-1372A98163ED}.Debug|ARM.Build.0 = Debug|Any CPU
		{991C5691-0C37-484C-BE86-1372A98163ED}.Debug|ARM64.ActiveCfg = Debug|Any CPU
		{991C5691-0C37-484C-BE86-1372A98163ED}.Debug|ARM64.Build.0 = Debug|Any CPU
		{991C5691-0C37-484C-BE86-1372A98163ED}.Debug|x64.ActiveCfg = Debug|Any CPU
		{991C5691-0C37-484C-BE86-1372A98163ED}.Debug|x64.Build.0 = Debug|Any CPU
		{991C5691-0C37-484C-BE86-1372A98163ED}.Debug|x86.ActiveCfg = Debug|Any CPU
		{991C5691-0C37-484C-BE86-1372A98163ED}.Debug|x86.Build.0 = Debug|Any CPU
		{991C5691-0C37-484C-BE86-1372A98163ED}.Release|Any CPU.ActiveCfg = Release|Any CPU
		{991C5691-0C37-484C-BE86-1372A98163ED}.Release|Any CPU.Build.0 = Release|Any CPU
		{991C5691-0C37-484C-BE86-1372A98163ED}.Release|ARM.ActiveCfg = Release|Any CPU
		{991C5691-0C37-484C-BE86-1372A98163ED}.Release|ARM.Build.0 = Release|Any CPU
		{991C5691-0C37-484C-BE86-1372A98163ED}.Release|ARM64.ActiveCfg = Release|Any CPU
		{991C5691-0C37-484C-BE86-1372A98163ED}.Release|ARM64.Build.0 = Release|Any CPU
		{991C5691-0C37-484C-BE86-1372A98163ED}.Release|x64.ActiveCfg = Release|Any CPU
		{991C5691-0C37-484C-BE86-1372A98163ED}.Release|x64.Build.0 = Release|Any CPU
		{991C5691-0C37-484C-BE86-1372A98163ED}.Release|x86.ActiveCfg = Release|Any CPU
		{991C5691-0C37-484C-BE86-1372A98163ED}.Release|x86.Build.0 = Release|Any CPU
	EndGlobalSection
	GlobalSection(SolutionProperties) = preSolution
		HideSolutionNode = FALSE
	EndGlobalSection
	GlobalSection(NestedProjects) = preSolution
		{525679E7-6C06-474D-A8ED-3A3F05E1F48C} = {1DF95ACA-DE15-4A20-BEFE-DAE9A6702E3D}
		{CA993EE6-51C3-4BF3-93F8-1114434563E6} = {845B9E76-ABE5-493C-BB06-AF6459DE4CF5}
		{8B6BB889-3A45-4FEA-959D-EC310F701FA9} = {158710D8-5532-4AC3-93C8-430439FDDDFD}
		{92D9171F-B1A3-433C-BE81-933B6D1460BE} = {988C14A5-BF9C-4D01-B13C-BD16059B0C9A}
		{8F6C1945-4172-4029-A963-CEFF12BD3F92} = {80893A4D-92D1-473A-8203-0BA7766664FD}
		{1F0D532F-07AB-4D98-812B-8C55A821FED1} = {80893A4D-92D1-473A-8203-0BA7766664FD}
		{3AB37E8A-C059-4AA0-B52F-72CE4DCEE6FD} = {80893A4D-92D1-473A-8203-0BA7766664FD}
		{8403DDDE-31F1-4722-9708-24B20EAEF21C} = {C39DFA07-D08E-42A0-B236-A01B1AEE6AC2}
		{67C427C1-3286-4BA1-A63A-750D012FB347} = {C39DFA07-D08E-42A0-B236-A01B1AEE6AC2}
		{D31CE3EC-469E-4875-9048-21DD5428F519} = {63E3AF2A-6295-4626-972F-ECD9CA53A7DC}
		{C08B079B-163A-422D-9425-60B5A274E72D} = {D7307448-2EB4-404E-B3CE-F1B7FD3F548C}
		{E0314F20-43C2-446E-B01A-A36B48EA5075} = {D7307448-2EB4-404E-B3CE-F1B7FD3F548C}
		{83D7ADF1-858A-4850-BF7A-83C79A7D7618} = {323B7168-8E64-4747-A624-5655AF7AC7E8}
		{2DF7E987-F71B-41AA-B187-AB029465E497} = {323B7168-8E64-4747-A624-5655AF7AC7E8}
		{8336B786-78E7-48B5-81A2-F02D9F8AE651} = {CCBCB22A-D362-4AF6-B8D0-D719E0914705}
		{B9D16E19-C199-4711-90D3-A1F4A0437E23} = {CCBCB22A-D362-4AF6-B8D0-D719E0914705}
		{4C685553-64AF-4DD3-BE63-04C7BE7F1173} = {CCBCB22A-D362-4AF6-B8D0-D719E0914705}
		{991C5691-0C37-484C-BE86-1372A98163ED} = {CCBCB22A-D362-4AF6-B8D0-D719E0914705}
	EndGlobalSection
	GlobalSection(ExtensibilityGlobals) = postSolution
		SolutionGuid = {DDCB27E0-6693-4833-8464-F9FA9DEFC233}
	EndGlobalSection
EndGlobal
